{
  "originHash" : "172ae94b0fb0c15a5df02c9c18333fc45dceb0350680223823db80d7227f8f2b",
  "pins" : [
    {
      "identity" : "swift-argument-parser",
      "kind" : "remoteSourceControl",
      "location" : "https://github.com/apple/swift-argument-parser.git",
      "state" : {
        "revision" : "41982a3656a71c768319979febd796c6fd111d5c",
        "version" : "1.5.0"
      }
    },
    {
      "identity" : "swift-cortex-m",
      "kind" : "remoteSourceControl",
      "location" : "https://github.com/xtremekforever/swift-cortex-m",
      "state" : {
        "branch" : "feature/update-mmio",
        "revision" : "4a0a306a825622f46237a700f168e844d25761a6"
      }
    },
    {
      "identity" : "swift-mmio",
      "kind" : "remoteSourceControl",
      "location" : "https://github.com/apple/swift-mmio",
      "state" : {
        "revision" : "8fc35562726f9ad90b847704b288729ed60f4e7f",
        "version" : "0.1.1"
      }
    },
    {
      "identity" : "swift-syntax",
      "kind" : "remoteSourceControl",
      "location" : "https://github.com/swiftlang/swift-syntax.git",
      "state" : {
        "revision" : "4799286537280063c85a32f09884cfbca301b1a1",
        "version" : "602.0.0"
      }
    }
  ],
  "version" : 3
}
