{
  "originHash" : "bfc7670ce3b98de07a365c1442a1fc384e740100930876aa4fd7210b11f36611",
  "pins" : [
    {
      "identity" : "swift-argument-parser",
      "kind" : "remoteSourceControl",
      "location" : "https://github.com/apple/swift-argument-parser.git",
      "state" : {
        "revision" : "cdd0ef3755280949551dc26dee5de9ddeda89f54",
        "version" : "1.6.2"
      }
    },
    {
      "identity" : "swift-cortex-m",
      "kind" : "remoteSourceControl",
      "location" : "https://github.com/xtremekforever/swift-cortex-m",
      "state" : {
        "branch" : "feature/update-mmio",
        "revision" : "b2831cc6e33f5666c34e6d044f0c9f55bdcb6614"
      }
    },
    {
      "identity" : "swift-mmio",
      "kind" : "remoteSourceControl",
      "location" : "https://github.com/apple/swift-mmio",
      "state" : {
        "revision" : "8fc35562726f9ad90b847704b288729ed60f4e7f",
        "version" : "0.1.1"
      }
    },
    {
      "identity" : "swift-syntax",
      "kind" : "remoteSourceControl",
      "location" : "https://github.com/swiftlang/swift-syntax.git",
      "state" : {
        "revision" : "4799286537280063c85a32f09884cfbca301b1a1",
        "version" : "602.0.0"
      }
    }
  ],
  "version" : 3
}
